PODS:
  - flutter_webrtc (0.9.36):
    - FlutterMacOS
    - WebRTC-SDK (= 114.5735.10)
  - FlutterMacOS (1.0.0)
  - path_provider_foundation (0.0.1):
    - Flutter
    - FlutterMacOS
  - rive_common (0.0.1):
    - FlutterMacOS
  - url_launcher_macos (0.0.1):
    - FlutterMacOS
  - video_player_avfoundation (0.0.1):
    - Flutter
    - FlutterMacOS
  - WebRTC-SDK (114.5735.10)

DEPENDENCIES:
  - flutter_webrtc (from `Flutter/ephemeral/.symlinks/plugins/flutter_webrtc/macos`)
  - FlutterMacOS (from `Flutter/ephemeral`)
  - path_provider_foundation (from `Flutter/ephemeral/.symlinks/plugins/path_provider_foundation/darwin`)
  - rive_common (from `Flutter/ephemeral/.symlinks/plugins/rive_common/macos`)
  - url_launcher_macos (from `Flutter/ephemeral/.symlinks/plugins/url_launcher_macos/macos`)
  - video_player_avfoundation (from `Flutter/ephemeral/.symlinks/plugins/video_player_avfoundation/darwin`)

SPEC REPOS:
  trunk:
    - WebRTC-SDK

EXTERNAL SOURCES:
  flutter_webrtc:
    :path: Flutter/ephemeral/.symlinks/plugins/flutter_webrtc/macos
  FlutterMacOS:
    :path: Flutter/ephemeral
  path_provider_foundation:
    :path: Flutter/ephemeral/.symlinks/plugins/path_provider_foundation/darwin
  rive_common:
    :path: Flutter/ephemeral/.symlinks/plugins/rive_common/macos
  url_launcher_macos:
    :path: Flutter/ephemeral/.symlinks/plugins/url_launcher_macos/macos
  video_player_avfoundation:
    :path: Flutter/ephemeral/.symlinks/plugins/video_player_avfoundation/darwin

SPEC CHECKSUMS:
  flutter_webrtc: 823284e171ecb2487b7210c214886a949c122a59
  FlutterMacOS: 8f6f14fa908a6fb3fba0cd85dbd81ec4b251fb24
  path_provider_foundation: 2b6b4c569c0fb62ec74538f866245ac84301af46
  rive_common: cf5ab646aa576b2d742d0e2d528126fbf032c856
  url_launcher_macos: 5f437abeda8c85500ceb03f5c1938a8c5a705399
  video_player_avfoundation: 7c6c11d8470e1675df7397027218274b6d2360b3
  WebRTC-SDK: 8c0edd05b880a39648118192c252667ea06dea51

PODFILE CHECKSUM: 236401fc2c932af29a9fcf0e97baeeb2d750d367

COCOAPODS: 1.15.2
